
Microsoft Visual Studio Solution File, Format Version 12.00
# Visual Studio Version 17
VisualStudioVersion = 17.3.32804.467
MinimumVisualStudioVersion = 10.0.40219.1
Project("{9A19103F-16F7-4668-BE54-9A1E7A4F7556}") = "ColorConverter", "ColorConverter\ColorConverter.csproj", "{8A0BF28D-068F-4D76-B54A-D78B1C490EC0}"
EndProject
Project("{FAE04EC0-301F-11D3-BF4B-00C04F79EFBC}") = "ColorConverter.Tests", "ColorConverter.Tests\ColorConverter.Tests.csproj", "{B0FB935E-2288-4537-BB1F-60ACD1E68672}"
EndProject
Global
	GlobalSection(SolutionConfigurationPlatforms) = preSolution
		Debug|Any CPU = Debug|Any CPU
		Release|Any CPU = Release|Any CPU
	EndGlobalSection
	GlobalSection(ProjectConfigurationPlatforms) = postSolution
		{8A0BF28D-068F-4D76-B54A-D78B1C490EC0}.Debug|Any CPU.ActiveCfg = Debug|Any CPU
		{8A0BF28D-068F-4D76-B54A-D78B1C490EC0}.Debug|Any CPU.Build.0 = Debug|Any CPU
		{8A0BF28D-068F-4D76-B54A-D78B1C490EC0}.Release|Any CPU.ActiveCfg = Release|Any CPU
		{8A0BF28D-068F-4D76-B54A-D78B1C490EC0}.Release|Any CPU.Build.0 = Release|Any CPU
		{B0FB935E-2288-4537-BB1F-60ACD1E68672}.Debug|Any CPU.ActiveCfg = Debug|Any CPU
		{B0FB935E-2288-4537-BB1F-60ACD1E68672}.Debug|Any CPU.Build.0 = Debug|Any CPU
		{B0FB935E-2288-4537-BB1F-60ACD1E68672}.Release|Any CPU.ActiveCfg = Release|Any CPU
		{B0FB935E-2288-4537-BB1F-60ACD1E68672}.Release|Any CPU.Build.0 = Release|Any CPU
	EndGlobalSection
	GlobalSection(SolutionProperties) = preSolution
		HideSolutionNode = FALSE
	EndGlobalSection
	GlobalSection(ExtensibilityGlobals) = postSolution
		SolutionGuid = {D80FBDC7-AC4F-4502-B67A-F2073162A5DC}
	EndGlobalSection
EndGlobal
