
Microsoft Visual Studio Solution File, Format Version 12.00
# Visual Studio Version 17
VisualStudioVersion = 17.2.32526.322
MinimumVisualStudioVersion = 10.0.40219.1
Project("{9A19103F-16F7-4668-BE54-9A1E7A4F7556}") = "ColorConverterApp", "ColorConverterApp\ColorConverterApp.csproj", "{589B96B4-E9ED-4495-B097-1F889559971E}"
EndProject
Project("{FAE04EC0-301F-11D3-BF4B-00C04F79EFBC}") = "ColorConverterApp.Tests", "ColorConverterApp.Tests\ColorConverterApp.Tests.csproj", "{F947EACF-EEC6-49EA-A6DF-5ED163E9F714}"
EndProject
Global
	GlobalSection(SolutionConfigurationPlatforms) = preSolution
		Debug|Any CPU = Debug|Any CPU
		Release|Any CPU = Release|Any CPU
	EndGlobalSection
	GlobalSection(ProjectConfigurationPlatforms) = postSolution
		{589B96B4-E9ED-4495-B097-1F889559971E}.Debug|Any CPU.ActiveCfg = Debug|Any CPU
		{589B96B4-E9ED-4495-B097-1F889559971E}.Debug|Any CPU.Build.0 = Debug|Any CPU
		{589B96B4-E9ED-4495-B097-1F889559971E}.Release|Any CPU.ActiveCfg = Release|Any CPU
		{589B96B4-E9ED-4495-B097-1F889559971E}.Release|Any CPU.Build.0 = Release|Any CPU
		{F947EACF-EEC6-49EA-A6DF-5ED163E9F714}.Debug|Any CPU.ActiveCfg = Debug|Any CPU
		{F947EACF-EEC6-49EA-A6DF-5ED163E9F714}.Debug|Any CPU.Build.0 = Debug|Any CPU
		{F947EACF-EEC6-49EA-A6DF-5ED163E9F714}.Release|Any CPU.ActiveCfg = Release|Any CPU
		{F947EACF-EEC6-49EA-A6DF-5ED163E9F714}.Release|Any CPU.Build.0 = Release|Any CPU
	EndGlobalSection
	GlobalSection(SolutionProperties) = preSolution
		HideSolutionNode = FALSE
	EndGlobalSection
	GlobalSection(ExtensibilityGlobals) = postSolution
		SolutionGuid = {717166AC-F846-4944-98BD-8CFD458E68C1}
	EndGlobalSection
EndGlobal
